
Microsoft Visual Studio Solution File, Format Version 12.00
# Visual Studio Version 16
VisualStudioVersion = 16.0.30804.86
MinimumVisualStudioVersion = 10.0.40219.1
Project("{9A19103F-16F7-4668-BE54-9A1E7A4F7556}") = "MyWebSite", "MyWebSite.csproj", "{406671C8-7D82-42EB-8F82-8FE7ECAD67DB}"
EndProject
Global
	GlobalSection(SolutionConfigurationPlatforms) = preSolution
		Debug|Any CPU = Debug|Any CPU
		Release|Any CPU = Release|Any CPU
	EndGlobalSection
	GlobalSection(ProjectConfigurationPlatforms) = postSolution
		{406671C8-7D82-42EB-8F82-8FE7ECAD67DB}.Debug|Any CPU.ActiveCfg = Debug|Any CPU
		{406671C8-7D82-42EB-8F82-8FE7ECAD67DB}.Debug|Any CPU.Build.0 = Debug|Any CPU
		{406671C8-7D82-42EB-8F82-8FE7ECAD67DB}.Release|Any CPU.ActiveCfg = Release|Any CPU
		{406671C8-7D82-42EB-8F82-8FE7ECAD67DB}.Release|Any CPU.Build.0 = Release|Any CPU
	EndGlobalSection
	GlobalSection(SolutionProperties) = preSolution
		HideSolutionNode = FALSE
	EndGlobalSection
	GlobalSection(ExtensibilityGlobals) = postSolution
		SolutionGuid = {85A5DC00-97B0-4741-8EC2-B8B46B4F76BF}
	EndGlobalSection
EndGlobal
